
Microsoft Visual Studio Solution File, Format Version 12.00
# Visual Studio Version 17
VisualStudioVersion = 17.2.32630.192
MinimumVisualStudioVersion = 10.0.40219.1
Project("{FAE04EC0-301F-11D3-BF4B-00C04F79EFBC}") = "Ispit.Todo", "Ispit.Todo\Ispit.Todo.csproj", "{C43D00D5-A5AB-464E-BFFA-C2B54D49045E}"
EndProject
Global
	GlobalSection(SolutionConfigurationPlatforms) = preSolution
		Debug|Any CPU = Debug|Any CPU
		Release|Any CPU = Release|Any CPU
	EndGlobalSection
	GlobalSection(ProjectConfigurationPlatforms) = postSolution
		{C43D00D5-A5AB-464E-BFFA-C2B54D49045E}.Debug|Any CPU.ActiveCfg = Debug|Any CPU
		{C43D00D5-A5AB-464E-BFFA-C2B54D49045E}.Debug|Any CPU.Build.0 = Debug|Any CPU
		{C43D00D5-A5AB-464E-BFFA-C2B54D49045E}.Release|Any CPU.ActiveCfg = Release|Any CPU
		{C43D00D5-A5AB-464E-BFFA-C2B54D49045E}.Release|Any CPU.Build.0 = Release|Any CPU
	EndGlobalSection
	GlobalSection(SolutionProperties) = preSolution
		HideSolutionNode = FALSE
	EndGlobalSection
	GlobalSection(ExtensibilityGlobals) = postSolution
		SolutionGuid = {B67113E1-3DF3-4B70-8AB3-AC48B35E51BF}
	EndGlobalSection
EndGlobal
